
Microsoft Visual Studio Solution File, Format Version 12.00
# Visual Studio Version 17
VisualStudioVersion = 17.11.35312.102
MinimumVisualStudioVersion = 10.0.40219.1
Project("{FAE04EC0-301F-11D3-BF4B-00C04F79EFBC}") = "lab 3", "lab 3\lab 3.csproj", "{2F352A07-7EAF-42BC-9573-B7DE6E50070E}"
EndProject
Global
	GlobalSection(SolutionConfigurationPlatforms) = preSolution
		Debug|Any CPU = Debug|Any CPU
		Release|Any CPU = Release|Any CPU
	EndGlobalSection
	GlobalSection(ProjectConfigurationPlatforms) = postSolution
		{2F352A07-7EAF-42BC-9573-B7DE6E50070E}.Debug|Any CPU.ActiveCfg = Debug|Any CPU
		{2F352A07-7EAF-42BC-9573-B7DE6E50070E}.Debug|Any CPU.Build.0 = Debug|Any CPU
		{2F352A07-7EAF-42BC-9573-B7DE6E50070E}.Release|Any CPU.ActiveCfg = Release|Any CPU
		{2F352A07-7EAF-42BC-9573-B7DE6E50070E}.Release|Any CPU.Build.0 = Release|Any CPU
	EndGlobalSection
	GlobalSection(SolutionProperties) = preSolution
		HideSolutionNode = FALSE
	EndGlobalSection
	GlobalSection(ExtensibilityGlobals) = postSolution
		SolutionGuid = {65138B71-27C2-40D1-B40B-7AB97D0AA775}
	EndGlobalSection
EndGlobal
